<Solution>
  <Configurations>
    <Platform Name="Any CPU" />
    <Platform Name="x64" />
  </Configurations>
  <Project Path="NotEnoughChats.csproj" Id="cdfba290-d0f2-4d8a-a46d-b544f4b55635">
    <BuildType Solution="Debug|Any CPU" Project="Release" />
    <Platform Solution="*|x64" Project="x64" />
  </Project>
</Solution>
